
Microsoft Visual Studio Solution File, Format Version 11.00
# Visual Studio 2010
Project("{FAE04EC0-301F-11D3-BF4B-00C04F79EFBC}") = "MvcApplication1", "MvcApplication1\MvcApplication1.csproj", "{B10E77EF-480A-4080-AE66-B26646255BD0}"
EndProject
Project("{FAE04EC0-301F-11D3-BF4B-00C04F79EFBC}") = "MvcApplication1.Tests", "MvcApplication1.Tests\MvcApplication1.Tests.csproj", "{A18D407E-A62C-4A1E-B1BE-E16C229DD565}"
EndProject
Global
	GlobalSection(SolutionConfigurationPlatforms) = preSolution
		Debug|Any CPU = Debug|Any CPU
		Release|Any CPU = Release|Any CPU
	EndGlobalSection
	GlobalSection(ProjectConfigurationPlatforms) = postSolution
		{B10E77EF-480A-4080-AE66-B26646255BD0}.Debug|Any CPU.ActiveCfg = Debug|Any CPU
		{B10E77EF-480A-4080-AE66-B26646255BD0}.Debug|Any CPU.Build.0 = Debug|Any CPU
		{B10E77EF-480A-4080-AE66-B26646255BD0}.Release|Any CPU.ActiveCfg = Release|Any CPU
		{B10E77EF-480A-4080-AE66-B26646255BD0}.Release|Any CPU.Build.0 = Release|Any CPU
		{A18D407E-A62C-4A1E-B1BE-E16C229DD565}.Debug|Any CPU.ActiveCfg = Debug|Any CPU
		{A18D407E-A62C-4A1E-B1BE-E16C229DD565}.Debug|Any CPU.Build.0 = Debug|Any CPU
		{A18D407E-A62C-4A1E-B1BE-E16C229DD565}.Release|Any CPU.ActiveCfg = Release|Any CPU
		{A18D407E-A62C-4A1E-B1BE-E16C229DD565}.Release|Any CPU.Build.0 = Release|Any CPU
	EndGlobalSection
	GlobalSection(SolutionProperties) = preSolution
		HideSolutionNode = FALSE
	EndGlobalSection
EndGlobal
